# This file is autogenerated, do not edit; changes may be undone by the next 'dep ensure'.


[[projects]]
  name = "github.com/influxdata/influxdb"
  packages = [
    "client/v2",
    "models",
    "pkg/escape"
  ]
  revision = "cdae4ccde4c67c3390d8ae8a1a06bd3b4cdce5c5"
  version = "v1.5.1"

[[projects]]
  name = "github.com/urfave/cli"
  packages = ["."]
  revision = "cfb38830724cc34fedffe9a2a29fb54fa9169cd1"
  version = "v1.20.0"

[solve-meta]
  analyzer-name = "dep"
  analyzer-version = 1
  inputs-digest = "d67d654d168559ff17b93d02e4f0331600f5ca27fc034a5f09d9bede8973d8d0"
  solver-name = "gps-cdcl"
  solver-version = 1
